{
  "name": "marhaba-backend",
  "version": "1.0.0",
  "lockfileVersion": 1,
  "requires": true,
  "dependencies": {
    "@prisma/engines": {
      "version": "3.11.1-1.1a2506facaf1a4727b7c26850735e88ec779dee9",
      "resolved": "https://registry.npmjs.org/@prisma/engines/-/engines-3.11.1-1.1a2506facaf1a4727b7c26850735e88ec779dee9.tgz",
      "integrity": "sha512-MILbsGnvmnhCbFGa2/iSnsyGyazU3afzD7ldjCIeLIGKkNBMSZgA2IvpYsAXl+6qFHKGrS3B2otKfV31dwMSQw==",
      "dev": true
    },
    "prisma": {
      "version": "3.11.1",
      "resolved": "https://registry.npmjs.org/prisma/-/prisma-3.11.1.tgz",
      "integrity": "sha512-aYn8bQwt1xwR2oSsVNHT4PXU7EhsThIwmpNB/MNUaaMx5OPLTro6VdNJe/sJssXFLxhamfWeMjwmpXjljo6xkg==",
      "dev": true,
      "requires": {
        "@prisma/engines": "3.11.1-1.1a2506facaf1a4727b7c26850735e88ec779dee9"
      }
    }
  }
}
