{
  "name": "marhaba-backend",
  "version": "1.0.0",
  "lockfileVersion": 1,
  "requires": true,
  "dependencies": {
    "@prisma/client": {
      "version": "3.11.1",
      "resolved": "https://registry.npmjs.org/@prisma/client/-/client-3.11.1.tgz",
      "integrity": "sha512-B3C7zQG4HbjJzUr2Zg9UVkBJutbqq9/uqkl1S138+keZCubJrwizx3RuIvGwI+s+pm3qbsyNqXiZgL3Ir0fSng==",
      "requires": {
        "@prisma/engines-version": "3.11.1-1.1a2506facaf1a4727b7c26850735e88ec779dee9"
      }
    },
    "@prisma/engines": {
      "version": "3.11.1-1.1a2506facaf1a4727b7c26850735e88ec779dee9",
      "resolved": "https://registry.npmjs.org/@prisma/engines/-/engines-3.11.1-1.1a2506facaf1a4727b7c26850735e88ec779dee9.tgz",
      "integrity": "sha512-MILbsGnvmnhCbFGa2/iSnsyGyazU3afzD7ldjCIeLIGKkNBMSZgA2IvpYsAXl+6qFHKGrS3B2otKfV31dwMSQw==",
      "dev": true
    },
    "@prisma/engines-version": {
      "version": "3.11.1-1.1a2506facaf1a4727b7c26850735e88ec779dee9",
      "resolved": "https://registry.npmjs.org/@prisma/engines-version/-/engines-version-3.11.1-1.1a2506facaf1a4727b7c26850735e88ec779dee9.tgz",
      "integrity": "sha512-HkcsDniA4iNb/gi0iuyOJNAM7nD/LwQ0uJm15v360O5dee3TM4lWdSQiTYBMK6FF68ACUItmzSur7oYuUZ2zkQ=="
    },
    "prisma": {
      "version": "3.11.1",
      "resolved": "https://registry.npmjs.org/prisma/-/prisma-3.11.1.tgz",
      "integrity": "sha512-aYn8bQwt1xwR2oSsVNHT4PXU7EhsThIwmpNB/MNUaaMx5OPLTro6VdNJe/sJssXFLxhamfWeMjwmpXjljo6xkg==",
      "dev": true,
      "requires": {
        "@prisma/engines": "3.11.1-1.1a2506facaf1a4727b7c26850735e88ec779dee9"
      }
    }
  }
}
